// !$*UTF8*$!
{
	archiveVersion = 1;
	classes = {
	};
	objectVersion = 56;
	objects = {

/* Begin PBXBuildFile section */
		2B12944F2A34DC5700A75839 /* RMRequest.swift in Sources */ = {isa = PBXBuildFile; fileRef = 2B12944E2A34DC5700A75839 /* RMRequest.swift */; };
		2B1294512A34DC6300A75839 /* RMService.swift in Sources */ = {isa = PBXBuildFile; fileRef = 2B1294502A34DC6300A75839 /* RMService.swift */; };
		2B1294532A34DEE400A75839 /* RMEndpoint.swift in Sources */ = {isa = PBXBuildFile; fileRef = 2B1294522A34DEE400A75839 /* RMEndpoint.swift */; };
		2B39794A2A35ED2300481C2D /* RMPaginatedResponse.swift in Sources */ = {isa = PBXBuildFile; fileRef = 2B3979492A35ED2300481C2D /* RMPaginatedResponse.swift */; };
		2B39794C2A35ED4C00481C2D /* RMPaginatedInfo.swift in Sources */ = {isa = PBXBuildFile; fileRef = 2B39794B2A35ED4C00481C2D /* RMPaginatedInfo.swift */; };
		2B5519E32A30F4420037587A /* AppDelegate.swift in Sources */ = {isa = PBXBuildFile; fileRef = 2B5519E22A30F4420037587A /* AppDelegate.swift */; };
		2B5519E52A30F4420037587A /* SceneDelegate.swift in Sources */ = {isa = PBXBuildFile; fileRef = 2B5519E42A30F4420037587A /* SceneDelegate.swift */; };
		2B5519E72A30F4420037587A /* RMTabViewController.swift in Sources */ = {isa = PBXBuildFile; fileRef = 2B5519E62A30F4420037587A /* RMTabViewController.swift */; };
		2B5519EC2A30F4430037587A /* Assets.xcassets in Resources */ = {isa = PBXBuildFile; fileRef = 2B5519EB2A30F4430037587A /* Assets.xcassets */; };
		2B5519EF2A30F4430037587A /* LaunchScreen.storyboard in Resources */ = {isa = PBXBuildFile; fileRef = 2B5519ED2A30F4430037587A /* LaunchScreen.storyboard */; };
		2B5519FE2A30F95A0037587A /* RMCharacter.swift in Sources */ = {isa = PBXBuildFile; fileRef = 2B5519FD2A30F95A0037587A /* RMCharacter.swift */; };
		2B551A002A30F9690037587A /* RMLocation.swift in Sources */ = {isa = PBXBuildFile; fileRef = 2B5519FF2A30F9690037587A /* RMLocation.swift */; };
		2B551A022A30F9750037587A /* RMEpisode.swift in Sources */ = {isa = PBXBuildFile; fileRef = 2B551A012A30F9750037587A /* RMEpisode.swift */; };
		2B551A052A30FA5E0037587A /* RMCharacterViewController.swift in Sources */ = {isa = PBXBuildFile; fileRef = 2B551A042A30FA5E0037587A /* RMCharacterViewController.swift */; };
		2B551A072A30FA8D0037587A /* RMLocationViewController.swift in Sources */ = {isa = PBXBuildFile; fileRef = 2B551A062A30FA8D0037587A /* RMLocationViewController.swift */; };
		2B551A092A30FAA40037587A /* RMEpisodeViewController.swift in Sources */ = {isa = PBXBuildFile; fileRef = 2B551A082A30FAA40037587A /* RMEpisodeViewController.swift */; };
		2B551A0B2A30FABF0037587A /* RMSettingsViewController.swift in Sources */ = {isa = PBXBuildFile; fileRef = 2B551A0A2A30FABF0037587A /* RMSettingsViewController.swift */; };
/* End PBXBuildFile section */

/* Begin PBXFileReference section */
		2B12944E2A34DC5700A75839 /* RMRequest.swift */ = {isa = PBXFileReference; lastKnownFileType = sourcecode.swift; path = RMRequest.swift; sourceTree = "<group>"; };
		2B1294502A34DC6300A75839 /* RMService.swift */ = {isa = PBXFileReference; lastKnownFileType = sourcecode.swift; path = RMService.swift; sourceTree = "<group>"; };
		2B1294522A34DEE400A75839 /* RMEndpoint.swift */ = {isa = PBXFileReference; lastKnownFileType = sourcecode.swift; path = RMEndpoint.swift; sourceTree = "<group>"; };
		2B3979492A35ED2300481C2D /* RMPaginatedResponse.swift */ = {isa = PBXFileReference; lastKnownFileType = sourcecode.swift; path = RMPaginatedResponse.swift; sourceTree = "<group>"; };
		2B39794B2A35ED4C00481C2D /* RMPaginatedInfo.swift */ = {isa = PBXFileReference; lastKnownFileType = sourcecode.swift; path = RMPaginatedInfo.swift; sourceTree = "<group>"; };
		2B5519DF2A30F4420037587A /* RickAndMorty.app */ = {isa = PBXFileReference; explicitFileType = wrapper.application; includeInIndex = 0; path = RickAndMorty.app; sourceTree = BUILT_PRODUCTS_DIR; };
		2B5519E22A30F4420037587A /* AppDelegate.swift */ = {isa = PBXFileReference; lastKnownFileType = sourcecode.swift; path = AppDelegate.swift; sourceTree = "<group>"; };
		2B5519E42A30F4420037587A /* SceneDelegate.swift */ = {isa = PBXFileReference; lastKnownFileType = sourcecode.swift; path = SceneDelegate.swift; sourceTree = "<group>"; };
		2B5519E62A30F4420037587A /* RMTabViewController.swift */ = {isa = PBXFileReference; lastKnownFileType = sourcecode.swift; path = RMTabViewController.swift; sourceTree = "<group>"; };
		2B5519EB2A30F4430037587A /* Assets.xcassets */ = {isa = PBXFileReference; lastKnownFileType = folder.assetcatalog; path = Assets.xcassets; sourceTree = "<group>"; };
		2B5519EE2A30F4430037587A /* Base */ = {isa = PBXFileReference; lastKnownFileType = file.storyboard; name = Base; path = Base.lproj/LaunchScreen.storyboard; sourceTree = "<group>"; };
		2B5519F02A30F4430037587A /* Info.plist */ = {isa = PBXFileReference; lastKnownFileType = text.plist.xml; path = Info.plist; sourceTree = "<group>"; };
		2B5519FD2A30F95A0037587A /* RMCharacter.swift */ = {isa = PBXFileReference; lastKnownFileType = sourcecode.swift; path = RMCharacter.swift; sourceTree = "<group>"; };
		2B5519FF2A30F9690037587A /* RMLocation.swift */ = {isa = PBXFileReference; lastKnownFileType = sourcecode.swift; path = RMLocation.swift; sourceTree = "<group>"; };
		2B551A012A30F9750037587A /* RMEpisode.swift */ = {isa = PBXFileReference; lastKnownFileType = sourcecode.swift; path = RMEpisode.swift; sourceTree = "<group>"; };
		2B551A042A30FA5E0037587A /* RMCharacterViewController.swift */ = {isa = PBXFileReference; lastKnownFileType = sourcecode.swift; path = RMCharacterViewController.swift; sourceTree = "<group>"; };
		2B551A062A30FA8D0037587A /* RMLocationViewController.swift */ = {isa = PBXFileReference; lastKnownFileType = sourcecode.swift; path = RMLocationViewController.swift; sourceTree = "<group>"; };
		2B551A082A30FAA40037587A /* RMEpisodeViewController.swift */ = {isa = PBXFileReference; lastKnownFileType = sourcecode.swift; path = RMEpisodeViewController.swift; sourceTree = "<group>"; };
		2B551A0A2A30FABF0037587A /* RMSettingsViewController.swift */ = {isa = PBXFileReference; lastKnownFileType = sourcecode.swift; path = RMSettingsViewController.swift; sourceTree = "<group>"; };
/* End PBXFileReference section */

/* Begin PBXFrameworksBuildPhase section */
		2B5519DC2A30F4420037587A /* Frameworks */ = {
			isa = PBXFrameworksBuildPhase;
			buildActionMask = 2147483647;
			files = (
			);
			runOnlyForDeploymentPostprocessing = 0;
		};
/* End PBXFrameworksBuildPhase section */

/* Begin PBXGroup section */
		2B3979482A35ECFB00481C2D /* DataTypes */ = {
			isa = PBXGroup;
			children = (
				2B5519FD2A30F95A0037587A /* RMCharacter.swift */,
				2B5519FF2A30F9690037587A /* RMLocation.swift */,
				2B551A012A30F9750037587A /* RMEpisode.swift */,
				2B39794B2A35ED4C00481C2D /* RMPaginatedInfo.swift */,
			);
			path = DataTypes;
			sourceTree = "<group>";
		};
		2B5519D62A30F4420037587A = {
			isa = PBXGroup;
			children = (
				2B5519E12A30F4420037587A /* RickAndMorty */,
				2B5519E02A30F4420037587A /* Products */,
			);
			sourceTree = "<group>";
		};
		2B5519E02A30F4420037587A /* Products */ = {
			isa = PBXGroup;
			children = (
				2B5519DF2A30F4420037587A /* RickAndMorty.app */,
			);
			name = Products;
			sourceTree = "<group>";
		};
		2B5519E12A30F4420037587A /* RickAndMorty */ = {
			isa = PBXGroup;
			children = (
				2B5519FB2A30F8600037587A /* Resources */,
				2B5519FA2A30F84D0037587A /* Managers */,
				2B5519FC2A30F8690037587A /* APIClient */,
				2B5519F92A30F8260037587A /* ViewModels */,
				2B5519F82A30F8210037587A /* Views */,
				2B5519F62A30F7FC0037587A /* Models */,
				2B5519F72A30F8070037587A /* Controllers */,
				2B5519F02A30F4430037587A /* Info.plist */,
			);
			path = RickAndMorty;
			sourceTree = "<group>";
		};
		2B5519F62A30F7FC0037587A /* Models */ = {
			isa = PBXGroup;
			children = (
				2B3979492A35ED2300481C2D /* RMPaginatedResponse.swift */,
				2B3979482A35ECFB00481C2D /* DataTypes */,
			);
			path = Models;
			sourceTree = "<group>";
		};
		2B5519F72A30F8070037587A /* Controllers */ = {
			isa = PBXGroup;
			children = (
				2B551A032A30FA170037587A /* Core */,
				2B551A042A30FA5E0037587A /* RMCharacterViewController.swift */,
				2B551A062A30FA8D0037587A /* RMLocationViewController.swift */,
				2B551A082A30FAA40037587A /* RMEpisodeViewController.swift */,
				2B551A0A2A30FABF0037587A /* RMSettingsViewController.swift */,
			);
			path = Controllers;
			sourceTree = "<group>";
		};
		2B5519F82A30F8210037587A /* Views */ = {
			isa = PBXGroup;
			children = (
			);
			path = Views;
			sourceTree = "<group>";
		};
		2B5519F92A30F8260037587A /* ViewModels */ = {
			isa = PBXGroup;
			children = (
			);
			path = ViewModels;
			sourceTree = "<group>";
		};
		2B5519FA2A30F84D0037587A /* Managers */ = {
			isa = PBXGroup;
			children = (
			);
			path = Managers;
			sourceTree = "<group>";
		};
		2B5519FB2A30F8600037587A /* Resources */ = {
			isa = PBXGroup;
			children = (
				2B5519EB2A30F4430037587A /* Assets.xcassets */,
				2B5519ED2A30F4430037587A /* LaunchScreen.storyboard */,
				2B5519E22A30F4420037587A /* AppDelegate.swift */,
				2B5519E42A30F4420037587A /* SceneDelegate.swift */,
			);
			path = Resources;
			sourceTree = "<group>";
		};
		2B5519FC2A30F8690037587A /* APIClient */ = {
			isa = PBXGroup;
			children = (
				2B12944E2A34DC5700A75839 /* RMRequest.swift */,
				2B1294502A34DC6300A75839 /* RMService.swift */,
				2B1294522A34DEE400A75839 /* RMEndpoint.swift */,
			);
			path = APIClient;
			sourceTree = "<group>";
		};
		2B551A032A30FA170037587A /* Core */ = {
			isa = PBXGroup;
			children = (
				2B5519E62A30F4420037587A /* RMTabViewController.swift */,
			);
			path = Core;
			sourceTree = "<group>";
		};
/* End PBXGroup section */

/* Begin PBXNativeTarget section */
		2B5519DE2A30F4420037587A /* RickAndMorty */ = {
			isa = PBXNativeTarget;
			buildConfigurationList = 2B5519F32A30F4430037587A /* Build configuration list for PBXNativeTarget "RickAndMorty" */;
			buildPhases = (
				2B5519DB2A30F4420037587A /* Sources */,
				2B5519DC2A30F4420037587A /* Frameworks */,
				2B5519DD2A30F4420037587A /* Resources */,
			);
			buildRules = (
			);
			dependencies = (
			);
			name = RickAndMorty;
			productName = RickAndMorty;
			productReference = 2B5519DF2A30F4420037587A /* RickAndMorty.app */;
			productType = "com.apple.product-type.application";
		};
/* End PBXNativeTarget section */

/* Begin PBXProject section */
		2B5519D72A30F4420037587A /* Project object */ = {
			isa = PBXProject;
			attributes = {
				BuildIndependentTargetsInParallel = 1;
				LastSwiftUpdateCheck = 1420;
				LastUpgradeCheck = 1420;
				TargetAttributes = {
					2B5519DE2A30F4420037587A = {
						CreatedOnToolsVersion = 14.2;
					};
				};
			};
			buildConfigurationList = 2B5519DA2A30F4420037587A /* Build configuration list for PBXProject "RickAndMorty" */;
			compatibilityVersion = "Xcode 14.0";
			developmentRegion = en;
			hasScannedForEncodings = 0;
			knownRegions = (
				en,
				Base,
			);
			mainGroup = 2B5519D62A30F4420037587A;
			productRefGroup = 2B5519E02A30F4420037587A /* Products */;
			projectDirPath = "";
			projectRoot = "";
			targets = (
				2B5519DE2A30F4420037587A /* RickAndMorty */,
			);
		};
/* End PBXProject section */

/* Begin PBXResourcesBuildPhase section */
		2B5519DD2A30F4420037587A /* Resources */ = {
			isa = PBXResourcesBuildPhase;
			buildActionMask = 2147483647;
			files = (
				2B5519EF2A30F4430037587A /* LaunchScreen.storyboard in Resources */,
				2B5519EC2A30F4430037587A /* Assets.xcassets in Resources */,
			);
			runOnlyForDeploymentPostprocessing = 0;
		};
/* End PBXResourcesBuildPhase section */

/* Begin PBXSourcesBuildPhase section */
		2B5519DB2A30F4420037587A /* Sources */ = {
			isa = PBXSourcesBuildPhase;
			buildActionMask = 2147483647;
			files = (
				2B551A072A30FA8D0037587A /* RMLocationViewController.swift in Sources */,
				2B5519FE2A30F95A0037587A /* RMCharacter.swift in Sources */,
				2B1294512A34DC6300A75839 /* RMService.swift in Sources */,
				2B5519E72A30F4420037587A /* RMTabViewController.swift in Sources */,
				2B551A092A30FAA40037587A /* RMEpisodeViewController.swift in Sources */,
				2B551A022A30F9750037587A /* RMEpisode.swift in Sources */,
				2B551A002A30F9690037587A /* RMLocation.swift in Sources */,
				2B551A0B2A30FABF0037587A /* RMSettingsViewController.swift in Sources */,
				2B5519E32A30F4420037587A /* AppDelegate.swift in Sources */,
				2B39794A2A35ED2300481C2D /* RMPaginatedResponse.swift in Sources */,
				2B39794C2A35ED4C00481C2D /* RMPaginatedInfo.swift in Sources */,
				2B1294532A34DEE400A75839 /* RMEndpoint.swift in Sources */,
				2B5519E52A30F4420037587A /* SceneDelegate.swift in Sources */,
				2B12944F2A34DC5700A75839 /* RMRequest.swift in Sources */,
				2B551A052A30FA5E0037587A /* RMCharacterViewController.swift in Sources */,
			);
			runOnlyForDeploymentPostprocessing = 0;
		};
/* End PBXSourcesBuildPhase section */

/* Begin PBXVariantGroup section */
		2B5519ED2A30F4430037587A /* LaunchScreen.storyboard */ = {
			isa = PBXVariantGroup;
			children = (
				2B5519EE2A30F4430037587A /* Base */,
			);
			name = LaunchScreen.storyboard;
			sourceTree = "<group>";
		};
/* End PBXVariantGroup section */

/* Begin XCBuildConfiguration section */
		2B5519F12A30F4430037587A /* Debug */ = {
			isa = XCBuildConfiguration;
			buildSettings = {
				ALWAYS_SEARCH_USER_PATHS = NO;
				CLANG_ANALYZER_NONNULL = YES;
				CLANG_ANALYZER_NUMBER_OBJECT_CONVERSION = YES_AGGRESSIVE;
				CLANG_CXX_LANGUAGE_STANDARD = "gnu++20";
				CLANG_ENABLE_MODULES = YES;
				CLANG_ENABLE_OBJC_ARC = YES;
				CLANG_ENABLE_OBJC_WEAK = YES;
				CLANG_WARN_BLOCK_CAPTURE_AUTORELEASING = YES;
				CLANG_WARN_BOOL_CONVERSION = YES;
				CLANG_WARN_COMMA = YES;
				CLANG_WARN_CONSTANT_CONVERSION = YES;
				CLANG_WARN_DEPRECATED_OBJC_IMPLEMENTATIONS = YES;
				CLANG_WARN_DIRECT_OBJC_ISA_USAGE = YES_ERROR;
				CLANG_WARN_DOCUMENTATION_COMMENTS = YES;
				CLANG_WARN_EMPTY_BODY = YES;
				CLANG_WARN_ENUM_CONVERSION = YES;
				CLANG_WARN_INFINITE_RECURSION = YES;
				CLANG_WARN_INT_CONVERSION = YES;
				CLANG_WARN_NON_LITERAL_NULL_CONVERSION = YES;
				CLANG_WARN_OBJC_IMPLICIT_RETAIN_SELF = YES;
				CLANG_WARN_OBJC_LITERAL_CONVERSION = YES;
				CLANG_WARN_OBJC_ROOT_CLASS = YES_ERROR;
				CLANG_WARN_QUOTED_INCLUDE_IN_FRAMEWORK_HEADER = YES;
				CLANG_WARN_RANGE_LOOP_ANALYSIS = YES;
				CLANG_WARN_STRICT_PROTOTYPES = YES;
				CLANG_WARN_SUSPICIOUS_MOVE = YES;
				CLANG_WARN_UNGUARDED_AVAILABILITY = YES_AGGRESSIVE;
				CLANG_WARN_UNREACHABLE_CODE = YES;
				CLANG_WARN__DUPLICATE_METHOD_MATCH = YES;
				COPY_PHASE_STRIP = NO;
				DEBUG_INFORMATION_FORMAT = dwarf;
				ENABLE_STRICT_OBJC_MSGSEND = YES;
				ENABLE_TESTABILITY = YES;
				GCC_C_LANGUAGE_STANDARD = gnu11;
				GCC_DYNAMIC_NO_PIC = NO;
				GCC_NO_COMMON_BLOCKS = YES;
				GCC_OPTIMIZATION_LEVEL = 0;
				GCC_PREPROCESSOR_DEFINITIONS = (
					"DEBUG=1",
					"$(inherited)",
				);
				GCC_WARN_64_TO_32_BIT_CONVERSION = YES;
				GCC_WARN_ABOUT_RETURN_TYPE = YES_ERROR;
				GCC_WARN_UNDECLARED_SELECTOR = YES;
				GCC_WARN_UNINITIALIZED_AUTOS = YES_AGGRESSIVE;
				GCC_WARN_UNUSED_FUNCTION = YES;
				GCC_WARN_UNUSED_VARIABLE = YES;
				IPHONEOS_DEPLOYMENT_TARGET = 16.2;
				MTL_ENABLE_DEBUG_INFO = INCLUDE_SOURCE;
				MTL_FAST_MATH = YES;
				ONLY_ACTIVE_ARCH = YES;
				SDKROOT = iphoneos;
				SWIFT_ACTIVE_COMPILATION_CONDITIONS = DEBUG;
				SWIFT_OPTIMIZATION_LEVEL = "-Onone";
			};
			name = Debug;
		};
		2B5519F22A30F4430037587A /* Release */ = {
			isa = XCBuildConfiguration;
			buildSettings = {
				ALWAYS_SEARCH_USER_PATHS = NO;
				CLANG_ANALYZER_NONNULL = YES;
				CLANG_ANALYZER_NUMBER_OBJECT_CONVERSION = YES_AGGRESSIVE;
				CLANG_CXX_LANGUAGE_STANDARD = "gnu++20";
				CLANG_ENABLE_MODULES = YES;
				CLANG_ENABLE_OBJC_ARC = YES;
				CLANG_ENABLE_OBJC_WEAK = YES;
				CLANG_WARN_BLOCK_CAPTURE_AUTORELEASING = YES;
				CLANG_WARN_BOOL_CONVERSION = YES;
				CLANG_WARN_COMMA = YES;
				CLANG_WARN_CONSTANT_CONVERSION = YES;
				CLANG_WARN_DEPRECATED_OBJC_IMPLEMENTATIONS = YES;
				CLANG_WARN_DIRECT_OBJC_ISA_USAGE = YES_ERROR;
				CLANG_WARN_DOCUMENTATION_COMMENTS = YES;
				CLANG_WARN_EMPTY_BODY = YES;
				CLANG_WARN_ENUM_CONVERSION = YES;
				CLANG_WARN_INFINITE_RECURSION = YES;
				CLANG_WARN_INT_CONVERSION = YES;
				CLANG_WARN_NON_LITERAL_NULL_CONVERSION = YES;
				CLANG_WARN_OBJC_IMPLICIT_RETAIN_SELF = YES;
				CLANG_WARN_OBJC_LITERAL_CONVERSION = YES;
				CLANG_WARN_OBJC_ROOT_CLASS = YES_ERROR;
				CLANG_WARN_QUOTED_INCLUDE_IN_FRAMEWORK_HEADER = YES;
				CLANG_WARN_RANGE_LOOP_ANALYSIS = YES;
				CLANG_WARN_STRICT_PROTOTYPES = YES;
				CLANG_WARN_SUSPICIOUS_MOVE = YES;
				CLANG_WARN_UNGUARDED_AVAILABILITY = YES_AGGRESSIVE;
				CLANG_WARN_UNREACHABLE_CODE = YES;
				CLANG_WARN__DUPLICATE_METHOD_MATCH = YES;
				COPY_PHASE_STRIP = NO;
				DEBUG_INFORMATION_FORMAT = "dwarf-with-dsym";
				ENABLE_NS_ASSERTIONS = NO;
				ENABLE_STRICT_OBJC_MSGSEND = YES;
				GCC_C_LANGUAGE_STANDARD = gnu11;
				GCC_NO_COMMON_BLOCKS = YES;
				GCC_WARN_64_TO_32_BIT_CONVERSION = YES;
				GCC_WARN_ABOUT_RETURN_TYPE = YES_ERROR;
				GCC_WARN_UNDECLARED_SELECTOR = YES;
				GCC_WARN_UNINITIALIZED_AUTOS = YES_AGGRESSIVE;
				GCC_WARN_UNUSED_FUNCTION = YES;
				GCC_WARN_UNUSED_VARIABLE = YES;
				IPHONEOS_DEPLOYMENT_TARGET = 16.2;
				MTL_ENABLE_DEBUG_INFO = NO;
				MTL_FAST_MATH = YES;
				SDKROOT = iphoneos;
				SWIFT_COMPILATION_MODE = wholemodule;
				SWIFT_OPTIMIZATION_LEVEL = "-O";
				VALIDATE_PRODUCT = YES;
			};
			name = Release;
		};
		2B5519F42A30F4430037587A /* Debug */ = {
			isa = XCBuildConfiguration;
			buildSettings = {
				ASSETCATALOG_COMPILER_APPICON_NAME = AppIcon;
				ASSETCATALOG_COMPILER_GLOBAL_ACCENT_COLOR_NAME = AccentColor;
				CODE_SIGN_STYLE = Automatic;
				CURRENT_PROJECT_VERSION = 1;
				DEVELOPMENT_TEAM = YM684SHRN8;
				GENERATE_INFOPLIST_FILE = YES;
				INFOPLIST_FILE = RickAndMorty/Info.plist;
				INFOPLIST_KEY_UIApplicationSupportsIndirectInputEvents = YES;
				INFOPLIST_KEY_UILaunchStoryboardName = LaunchScreen;
				INFOPLIST_KEY_UISupportedInterfaceOrientations_iPad = "UIInterfaceOrientationPortrait UIInterfaceOrientationPortraitUpsideDown UIInterfaceOrientationLandscapeLeft UIInterfaceOrientationLandscapeRight";
				INFOPLIST_KEY_UISupportedInterfaceOrientations_iPhone = "UIInterfaceOrientationPortrait UIInterfaceOrientationLandscapeLeft UIInterfaceOrientationLandscapeRight";
				LD_RUNPATH_SEARCH_PATHS = (
					"$(inherited)",
					"@executable_path/Frameworks",
				);
				MARKETING_VERSION = 1.0;
				PRODUCT_BUNDLE_IDENTIFIER = com.mdikcinar.RickAndMorty;
				PRODUCT_NAME = "$(TARGET_NAME)";
				SWIFT_EMIT_LOC_STRINGS = YES;
				SWIFT_VERSION = 5.0;
				TARGETED_DEVICE_FAMILY = "1,2";
			};
			name = Debug;
		};
		2B5519F52A30F4430037587A /* Release */ = {
			isa = XCBuildConfiguration;
			buildSettings = {
				ASSETCATALOG_COMPILER_APPICON_NAME = AppIcon;
				ASSETCATALOG_COMPILER_GLOBAL_ACCENT_COLOR_NAME = AccentColor;
				CODE_SIGN_STYLE = Automatic;
				CURRENT_PROJECT_VERSION = 1;
				DEVELOPMENT_TEAM = YM684SHRN8;
				GENERATE_INFOPLIST_FILE = YES;
				INFOPLIST_FILE = RickAndMorty/Info.plist;
				INFOPLIST_KEY_UIApplicationSupportsIndirectInputEvents = YES;
				INFOPLIST_KEY_UILaunchStoryboardName = LaunchScreen;
				INFOPLIST_KEY_UISupportedInterfaceOrientations_iPad = "UIInterfaceOrientationPortrait UIInterfaceOrientationPortraitUpsideDown UIInterfaceOrientationLandscapeLeft UIInterfaceOrientationLandscapeRight";
				INFOPLIST_KEY_UISupportedInterfaceOrientations_iPhone = "UIInterfaceOrientationPortrait UIInterfaceOrientationLandscapeLeft UIInterfaceOrientationLandscapeRight";
				LD_RUNPATH_SEARCH_PATHS = (
					"$(inherited)",
					"@executable_path/Frameworks",
				);
				MARKETING_VERSION = 1.0;
				PRODUCT_BUNDLE_IDENTIFIER = com.mdikcinar.RickAndMorty;
				PRODUCT_NAME = "$(TARGET_NAME)";
				SWIFT_EMIT_LOC_STRINGS = YES;
				SWIFT_VERSION = 5.0;
				TARGETED_DEVICE_FAMILY = "1,2";
			};
			name = Release;
		};
/* End XCBuildConfiguration section */

/* Begin XCConfigurationList section */
		2B5519DA2A30F4420037587A /* Build configuration list for PBXProject "RickAndMorty" */ = {
			isa = XCConfigurationList;
			buildConfigurations = (
				2B5519F12A30F4430037587A /* Debug */,
				2B5519F22A30F4430037587A /* Release */,
			);
			defaultConfigurationIsVisible = 0;
			defaultConfigurationName = Release;
		};
		2B5519F32A30F4430037587A /* Build configuration list for PBXNativeTarget "RickAndMorty" */ = {
			isa = XCConfigurationList;
			buildConfigurations = (
				2B5519F42A30F4430037587A /* Debug */,
				2B5519F52A30F4430037587A /* Release */,
			);
			defaultConfigurationIsVisible = 0;
			defaultConfigurationName = Release;
		};
/* End XCConfigurationList section */
	};
	rootObject = 2B5519D72A30F4420037587A /* Project object */;
}
